
Microsoft Visual Studio Solution File, Format Version 12.00
# Visual Studio Version 17
VisualStudioVersion = 17.8.34330.188
MinimumVisualStudioVersion = 10.0.40219.1
Project("{FAE04EC0-301F-11D3-BF4B-00C04F79EFBC}") = "RSVP", "RSVP.csproj", "{5CC53EF1-D66D-47A9-85DC-FD06BA5EFD0F}"
EndProject
Global
	GlobalSection(SolutionConfigurationPlatforms) = preSolution
		Debug|Any CPU = Debug|Any CPU
		Release|Any CPU = Release|Any CPU
	EndGlobalSection
	GlobalSection(ProjectConfigurationPlatforms) = postSolution
		{5CC53EF1-D66D-47A9-85DC-FD06BA5EFD0F}.Debug|Any CPU.ActiveCfg = Debug|Any CPU
		{5CC53EF1-D66D-47A9-85DC-FD06BA5EFD0F}.Debug|Any CPU.Build.0 = Debug|Any CPU
		{5CC53EF1-D66D-47A9-85DC-FD06BA5EFD0F}.Release|Any CPU.ActiveCfg = Release|Any CPU
		{5CC53EF1-D66D-47A9-85DC-FD06BA5EFD0F}.Release|Any CPU.Build.0 = Release|Any CPU
	EndGlobalSection
	GlobalSection(SolutionProperties) = preSolution
		HideSolutionNode = FALSE
	EndGlobalSection
	GlobalSection(ExtensibilityGlobals) = postSolution
		SolutionGuid = {DDF55D9D-AF89-4BBD-88A9-EA22E6C866C8}
	EndGlobalSection
EndGlobal
